// !$*UTF8*$!
{
	archiveVersion = 1;
	classes = {
	};
	objectVersion = 55;
	objects = {

/* Begin PBXBuildFile section */
		39BDD215283960DD00347AD0 /* AppDelegate.swift in Sources */ = {isa = PBXBuildFile; fileRef = 39BDD214283960DD00347AD0 /* AppDelegate.swift */; };
		39BDD217283960DD00347AD0 /* SceneDelegate.swift in Sources */ = {isa = PBXBuildFile; fileRef = 39BDD216283960DD00347AD0 /* SceneDelegate.swift */; };
		39BDD219283960DD00347AD0 /* MainViewController.swift in Sources */ = {isa = PBXBuildFile; fileRef = 39BDD218283960DD00347AD0 /* MainViewController.swift */; };
		39BDD21C283960DD00347AD0 /* Main.storyboard in Resources */ = {isa = PBXBuildFile; fileRef = 39BDD21A283960DD00347AD0 /* Main.storyboard */; };
		39BDD21E283960DF00347AD0 /* Assets.xcassets in Resources */ = {isa = PBXBuildFile; fileRef = 39BDD21D283960DF00347AD0 /* Assets.xcassets */; };
		39BDD221283960DF00347AD0 /* LaunchScreen.storyboard in Resources */ = {isa = PBXBuildFile; fileRef = 39BDD21F283960DF00347AD0 /* LaunchScreen.storyboard */; };
		39BDD22B2839643D00347AD0 /* Article.swift in Sources */ = {isa = PBXBuildFile; fileRef = 39BDD22A2839643D00347AD0 /* Article.swift */; };
		D63BF260495DAA66EE37CAF1 /* Pods_Fotizo.framework in Frameworks */ = {isa = PBXBuildFile; fileRef = EDC2AC068E0AEA36DF2EC6E6 /* Pods_Fotizo.framework */; };
/* End PBXBuildFile section */

/* Begin PBXFileReference section */
		2561CEC24C1387D39BB8500D /* Pods-Fotizo.release.xcconfig */ = {isa = PBXFileReference; includeInIndex = 1; lastKnownFileType = text.xcconfig; name = "Pods-Fotizo.release.xcconfig"; path = "Target Support Files/Pods-Fotizo/Pods-Fotizo.release.xcconfig"; sourceTree = "<group>"; };
		39BDD211283960DD00347AD0 /* Fotizo.app */ = {isa = PBXFileReference; explicitFileType = wrapper.application; includeInIndex = 0; path = Fotizo.app; sourceTree = BUILT_PRODUCTS_DIR; };
		39BDD214283960DD00347AD0 /* AppDelegate.swift */ = {isa = PBXFileReference; lastKnownFileType = sourcecode.swift; path = AppDelegate.swift; sourceTree = "<group>"; };
		39BDD216283960DD00347AD0 /* SceneDelegate.swift */ = {isa = PBXFileReference; lastKnownFileType = sourcecode.swift; path = SceneDelegate.swift; sourceTree = "<group>"; };
		39BDD218283960DD00347AD0 /* MainViewController.swift */ = {isa = PBXFileReference; lastKnownFileType = sourcecode.swift; path = MainViewController.swift; sourceTree = "<group>"; };
		39BDD21B283960DD00347AD0 /* Base */ = {isa = PBXFileReference; lastKnownFileType = file.storyboard; name = Base; path = Base.lproj/Main.storyboard; sourceTree = "<group>"; };
		39BDD21D283960DF00347AD0 /* Assets.xcassets */ = {isa = PBXFileReference; lastKnownFileType = folder.assetcatalog; path = Assets.xcassets; sourceTree = "<group>"; };
		39BDD220283960DF00347AD0 /* Base */ = {isa = PBXFileReference; lastKnownFileType = file.storyboard; name = Base; path = Base.lproj/LaunchScreen.storyboard; sourceTree = "<group>"; };
		39BDD222283960DF00347AD0 /* Info.plist */ = {isa = PBXFileReference; lastKnownFileType = text.plist.xml; path = Info.plist; sourceTree = "<group>"; };
		39BDD22A2839643D00347AD0 /* Article.swift */ = {isa = PBXFileReference; lastKnownFileType = sourcecode.swift; path = Article.swift; sourceTree = "<group>"; };
		C1258DCFB13BF22F1D5114F6 /* Pods-Fotizo.debug.xcconfig */ = {isa = PBXFileReference; includeInIndex = 1; lastKnownFileType = text.xcconfig; name = "Pods-Fotizo.debug.xcconfig"; path = "Target Support Files/Pods-Fotizo/Pods-Fotizo.debug.xcconfig"; sourceTree = "<group>"; };
		EDC2AC068E0AEA36DF2EC6E6 /* Pods_Fotizo.framework */ = {isa = PBXFileReference; explicitFileType = wrapper.framework; includeInIndex = 0; path = Pods_Fotizo.framework; sourceTree = BUILT_PRODUCTS_DIR; };
/* End PBXFileReference section */

/* Begin PBXFrameworksBuildPhase section */
		39BDD20E283960DD00347AD0 /* Frameworks */ = {
			isa = PBXFrameworksBuildPhase;
			buildActionMask = 2147483647;
			files = (
				D63BF260495DAA66EE37CAF1 /* Pods_Fotizo.framework in Frameworks */,
			);
			runOnlyForDeploymentPostprocessing = 0;
		};
/* End PBXFrameworksBuildPhase section */

/* Begin PBXGroup section */
		0F8D7919C8C01674F1B99710 /* Frameworks */ = {
			isa = PBXGroup;
			children = (
				EDC2AC068E0AEA36DF2EC6E6 /* Pods_Fotizo.framework */,
			);
			name = Frameworks;
			sourceTree = "<group>";
		};
		39BDD208283960DD00347AD0 = {
			isa = PBXGroup;
			children = (
				39BDD213283960DD00347AD0 /* Fotizo */,
				39BDD212283960DD00347AD0 /* Products */,
				85EA85DA456EF9A1B7240723 /* Pods */,
				0F8D7919C8C01674F1B99710 /* Frameworks */,
			);
			sourceTree = "<group>";
		};
		39BDD212283960DD00347AD0 /* Products */ = {
			isa = PBXGroup;
			children = (
				39BDD211283960DD00347AD0 /* Fotizo.app */,
			);
			name = Products;
			sourceTree = "<group>";
		};
		39BDD213283960DD00347AD0 /* Fotizo */ = {
			isa = PBXGroup;
			children = (
				39BDD2292839642500347AD0 /* Model */,
				39BDD214283960DD00347AD0 /* AppDelegate.swift */,
				39BDD216283960DD00347AD0 /* SceneDelegate.swift */,
				39BDD2282839638200347AD0 /* Screens */,
				39BDD21A283960DD00347AD0 /* Main.storyboard */,
				39BDD21D283960DF00347AD0 /* Assets.xcassets */,
				39BDD21F283960DF00347AD0 /* LaunchScreen.storyboard */,
				39BDD222283960DF00347AD0 /* Info.plist */,
			);
			path = Fotizo;
			sourceTree = "<group>";
		};
		39BDD2282839638200347AD0 /* Screens */ = {
			isa = PBXGroup;
			children = (
				39BDD218283960DD00347AD0 /* MainViewController.swift */,
			);
			path = Screens;
			sourceTree = "<group>";
		};
		39BDD2292839642500347AD0 /* Model */ = {
			isa = PBXGroup;
			children = (
				39BDD22A2839643D00347AD0 /* Article.swift */,
			);
			path = Model;
			sourceTree = "<group>";
		};
		85EA85DA456EF9A1B7240723 /* Pods */ = {
			isa = PBXGroup;
			children = (
				C1258DCFB13BF22F1D5114F6 /* Pods-Fotizo.debug.xcconfig */,
				2561CEC24C1387D39BB8500D /* Pods-Fotizo.release.xcconfig */,
			);
			name = Pods;
			path = Pods;
			sourceTree = "<group>";
		};
/* End PBXGroup section */

/* Begin PBXNativeTarget section */
		39BDD210283960DD00347AD0 /* Fotizo */ = {
			isa = PBXNativeTarget;
			buildConfigurationList = 39BDD225283960DF00347AD0 /* Build configuration list for PBXNativeTarget "Fotizo" */;
			buildPhases = (
				648B6C18B4D0C9B6494AD72C /* [CP] Check Pods Manifest.lock */,
				39BDD20D283960DD00347AD0 /* Sources */,
				39BDD20E283960DD00347AD0 /* Frameworks */,
				39BDD20F283960DD00347AD0 /* Resources */,
				67A766682304DC334D3AFA7A /* [CP] Embed Pods Frameworks */,
			);
			buildRules = (
			);
			dependencies = (
			);
			name = Fotizo;
			productName = Fotizo;
			productReference = 39BDD211283960DD00347AD0 /* Fotizo.app */;
			productType = "com.apple.product-type.application";
		};
/* End PBXNativeTarget section */

/* Begin PBXProject section */
		39BDD209283960DD00347AD0 /* Project object */ = {
			isa = PBXProject;
			attributes = {
				BuildIndependentTargetsInParallel = 1;
				LastSwiftUpdateCheck = 1310;
				LastUpgradeCheck = 1310;
				TargetAttributes = {
					39BDD210283960DD00347AD0 = {
						CreatedOnToolsVersion = 13.1;
					};
				};
			};
			buildConfigurationList = 39BDD20C283960DD00347AD0 /* Build configuration list for PBXProject "Fotizo" */;
			compatibilityVersion = "Xcode 13.0";
			developmentRegion = en;
			hasScannedForEncodings = 0;
			knownRegions = (
				en,
				Base,
			);
			mainGroup = 39BDD208283960DD00347AD0;
			productRefGroup = 39BDD212283960DD00347AD0 /* Products */;
			projectDirPath = "";
			projectRoot = "";
			targets = (
				39BDD210283960DD00347AD0 /* Fotizo */,
			);
		};
/* End PBXProject section */

/* Begin PBXResourcesBuildPhase section */
		39BDD20F283960DD00347AD0 /* Resources */ = {
			isa = PBXResourcesBuildPhase;
			buildActionMask = 2147483647;
			files = (
				39BDD221283960DF00347AD0 /* LaunchScreen.storyboard in Resources */,
				39BDD21E283960DF00347AD0 /* Assets.xcassets in Resources */,
				39BDD21C283960DD00347AD0 /* Main.storyboard in Resources */,
			);
			runOnlyForDeploymentPostprocessing = 0;
		};
/* End PBXResourcesBuildPhase section */

/* Begin PBXShellScriptBuildPhase section */
		648B6C18B4D0C9B6494AD72C /* [CP] Check Pods Manifest.lock */ = {
			isa = PBXShellScriptBuildPhase;
			buildActionMask = 2147483647;
			files = (
			);
			inputFileListPaths = (
			);
			inputPaths = (
				"${PODS_PODFILE_DIR_PATH}/Podfile.lock",
				"${PODS_ROOT}/Manifest.lock",
			);
			name = "[CP] Check Pods Manifest.lock";
			outputFileListPaths = (
			);
			outputPaths = (
				"$(DERIVED_FILE_DIR)/Pods-Fotizo-checkManifestLockResult.txt",
			);
			runOnlyForDeploymentPostprocessing = 0;
			shellPath = /bin/sh;
			shellScript = "diff \"${PODS_PODFILE_DIR_PATH}/Podfile.lock\" \"${PODS_ROOT}/Manifest.lock\" > /dev/null\nif [ $? != 0 ] ; then\n    # print error to STDERR\n    echo \"error: The sandbox is not in sync with the Podfile.lock. Run 'pod install' or update your CocoaPods installation.\" >&2\n    exit 1\nfi\n# This output is used by Xcode 'outputs' to avoid re-running this script phase.\necho \"SUCCESS\" > \"${SCRIPT_OUTPUT_FILE_0}\"\n";
			showEnvVarsInLog = 0;
		};
		67A766682304DC334D3AFA7A /* [CP] Embed Pods Frameworks */ = {
			isa = PBXShellScriptBuildPhase;
			buildActionMask = 2147483647;
			files = (
			);
			inputFileListPaths = (
				"${PODS_ROOT}/Target Support Files/Pods-Fotizo/Pods-Fotizo-frameworks-${CONFIGURATION}-input-files.xcfilelist",
			);
			name = "[CP] Embed Pods Frameworks";
			outputFileListPaths = (
				"${PODS_ROOT}/Target Support Files/Pods-Fotizo/Pods-Fotizo-frameworks-${CONFIGURATION}-output-files.xcfilelist",
			);
			runOnlyForDeploymentPostprocessing = 0;
			shellPath = /bin/sh;
			shellScript = "\"${PODS_ROOT}/Target Support Files/Pods-Fotizo/Pods-Fotizo-frameworks.sh\"\n";
			showEnvVarsInLog = 0;
		};
/* End PBXShellScriptBuildPhase section */

/* Begin PBXSourcesBuildPhase section */
		39BDD20D283960DD00347AD0 /* Sources */ = {
			isa = PBXSourcesBuildPhase;
			buildActionMask = 2147483647;
			files = (
				39BDD22B2839643D00347AD0 /* Article.swift in Sources */,
				39BDD219283960DD00347AD0 /* MainViewController.swift in Sources */,
				39BDD215283960DD00347AD0 /* AppDelegate.swift in Sources */,
				39BDD217283960DD00347AD0 /* SceneDelegate.swift in Sources */,
			);
			runOnlyForDeploymentPostprocessing = 0;
		};
/* End PBXSourcesBuildPhase section */

/* Begin PBXVariantGroup section */
		39BDD21A283960DD00347AD0 /* Main.storyboard */ = {
			isa = PBXVariantGroup;
			children = (
				39BDD21B283960DD00347AD0 /* Base */,
			);
			name = Main.storyboard;
			sourceTree = "<group>";
		};
		39BDD21F283960DF00347AD0 /* LaunchScreen.storyboard */ = {
			isa = PBXVariantGroup;
			children = (
				39BDD220283960DF00347AD0 /* Base */,
			);
			name = LaunchScreen.storyboard;
			sourceTree = "<group>";
		};
/* End PBXVariantGroup section */

/* Begin XCBuildConfiguration section */
		39BDD223283960DF00347AD0 /* Debug */ = {
			isa = XCBuildConfiguration;
			buildSettings = {
				ALWAYS_SEARCH_USER_PATHS = NO;
				CLANG_ANALYZER_NONNULL = YES;
				CLANG_ANALYZER_NUMBER_OBJECT_CONVERSION = YES_AGGRESSIVE;
				CLANG_CXX_LANGUAGE_STANDARD = "gnu++17";
				CLANG_CXX_LIBRARY = "libc++";
				CLANG_ENABLE_MODULES = YES;
				CLANG_ENABLE_OBJC_ARC = YES;
				CLANG_ENABLE_OBJC_WEAK = YES;
				CLANG_WARN_BLOCK_CAPTURE_AUTORELEASING = YES;
				CLANG_WARN_BOOL_CONVERSION = YES;
				CLANG_WARN_COMMA = YES;
				CLANG_WARN_CONSTANT_CONVERSION = YES;
				CLANG_WARN_DEPRECATED_OBJC_IMPLEMENTATIONS = YES;
				CLANG_WARN_DIRECT_OBJC_ISA_USAGE = YES_ERROR;
				CLANG_WARN_DOCUMENTATION_COMMENTS = YES;
				CLANG_WARN_EMPTY_BODY = YES;
				CLANG_WARN_ENUM_CONVERSION = YES;
				CLANG_WARN_INFINITE_RECURSION = YES;
				CLANG_WARN_INT_CONVERSION = YES;
				CLANG_WARN_NON_LITERAL_NULL_CONVERSION = YES;
				CLANG_WARN_OBJC_IMPLICIT_RETAIN_SELF = YES;
				CLANG_WARN_OBJC_LITERAL_CONVERSION = YES;
				CLANG_WARN_OBJC_ROOT_CLASS = YES_ERROR;
				CLANG_WARN_QUOTED_INCLUDE_IN_FRAMEWORK_HEADER = YES;
				CLANG_WARN_RANGE_LOOP_ANALYSIS = YES;
				CLANG_WARN_STRICT_PROTOTYPES = YES;
				CLANG_WARN_SUSPICIOUS_MOVE = YES;
				CLANG_WARN_UNGUARDED_AVAILABILITY = YES_AGGRESSIVE;
				CLANG_WARN_UNREACHABLE_CODE = YES;
				CLANG_WARN__DUPLICATE_METHOD_MATCH = YES;
				COPY_PHASE_STRIP = NO;
				DEBUG_INFORMATION_FORMAT = dwarf;
				ENABLE_STRICT_OBJC_MSGSEND = YES;
				ENABLE_TESTABILITY = YES;
				GCC_C_LANGUAGE_STANDARD = gnu11;
				GCC_DYNAMIC_NO_PIC = NO;
				GCC_NO_COMMON_BLOCKS = YES;
				GCC_OPTIMIZATION_LEVEL = 0;
				GCC_PREPROCESSOR_DEFINITIONS = (
					"DEBUG=1",
					"$(inherited)",
				);
				GCC_WARN_64_TO_32_BIT_CONVERSION = YES;
				GCC_WARN_ABOUT_RETURN_TYPE = YES_ERROR;
				GCC_WARN_UNDECLARED_SELECTOR = YES;
				GCC_WARN_UNINITIALIZED_AUTOS = YES_AGGRESSIVE;
				GCC_WARN_UNUSED_FUNCTION = YES;
				GCC_WARN_UNUSED_VARIABLE = YES;
				IPHONEOS_DEPLOYMENT_TARGET = 15.0;
				MTL_ENABLE_DEBUG_INFO = INCLUDE_SOURCE;
				MTL_FAST_MATH = YES;
				ONLY_ACTIVE_ARCH = YES;
				SDKROOT = iphoneos;
				SWIFT_ACTIVE_COMPILATION_CONDITIONS = DEBUG;
				SWIFT_OPTIMIZATION_LEVEL = "-Onone";
			};
			name = Debug;
		};
		39BDD224283960DF00347AD0 /* Release */ = {
			isa = XCBuildConfiguration;
			buildSettings = {
				ALWAYS_SEARCH_USER_PATHS = NO;
				CLANG_ANALYZER_NONNULL = YES;
				CLANG_ANALYZER_NUMBER_OBJECT_CONVERSION = YES_AGGRESSIVE;
				CLANG_CXX_LANGUAGE_STANDARD = "gnu++17";
				CLANG_CXX_LIBRARY = "libc++";
				CLANG_ENABLE_MODULES = YES;
				CLANG_ENABLE_OBJC_ARC = YES;
				CLANG_ENABLE_OBJC_WEAK = YES;
				CLANG_WARN_BLOCK_CAPTURE_AUTORELEASING = YES;
				CLANG_WARN_BOOL_CONVERSION = YES;
				CLANG_WARN_COMMA = YES;
				CLANG_WARN_CONSTANT_CONVERSION = YES;
				CLANG_WARN_DEPRECATED_OBJC_IMPLEMENTATIONS = YES;
				CLANG_WARN_DIRECT_OBJC_ISA_USAGE = YES_ERROR;
				CLANG_WARN_DOCUMENTATION_COMMENTS = YES;
				CLANG_WARN_EMPTY_BODY = YES;
				CLANG_WARN_ENUM_CONVERSION = YES;
				CLANG_WARN_INFINITE_RECURSION = YES;
				CLANG_WARN_INT_CONVERSION = YES;
				CLANG_WARN_NON_LITERAL_NULL_CONVERSION = YES;
				CLANG_WARN_OBJC_IMPLICIT_RETAIN_SELF = YES;
				CLANG_WARN_OBJC_LITERAL_CONVERSION = YES;
				CLANG_WARN_OBJC_ROOT_CLASS = YES_ERROR;
				CLANG_WARN_QUOTED_INCLUDE_IN_FRAMEWORK_HEADER = YES;
				CLANG_WARN_RANGE_LOOP_ANALYSIS = YES;
				CLANG_WARN_STRICT_PROTOTYPES = YES;
				CLANG_WARN_SUSPICIOUS_MOVE = YES;
				CLANG_WARN_UNGUARDED_AVAILABILITY = YES_AGGRESSIVE;
				CLANG_WARN_UNREACHABLE_CODE = YES;
				CLANG_WARN__DUPLICATE_METHOD_MATCH = YES;
				COPY_PHASE_STRIP = NO;
				DEBUG_INFORMATION_FORMAT = "dwarf-with-dsym";
				ENABLE_NS_ASSERTIONS = NO;
				ENABLE_STRICT_OBJC_MSGSEND = YES;
				GCC_C_LANGUAGE_STANDARD = gnu11;
				GCC_NO_COMMON_BLOCKS = YES;
				GCC_WARN_64_TO_32_BIT_CONVERSION = YES;
				GCC_WARN_ABOUT_RETURN_TYPE = YES_ERROR;
				GCC_WARN_UNDECLARED_SELECTOR = YES;
				GCC_WARN_UNINITIALIZED_AUTOS = YES_AGGRESSIVE;
				GCC_WARN_UNUSED_FUNCTION = YES;
				GCC_WARN_UNUSED_VARIABLE = YES;
				IPHONEOS_DEPLOYMENT_TARGET = 15.0;
				MTL_ENABLE_DEBUG_INFO = NO;
				MTL_FAST_MATH = YES;
				SDKROOT = iphoneos;
				SWIFT_COMPILATION_MODE = wholemodule;
				SWIFT_OPTIMIZATION_LEVEL = "-O";
				VALIDATE_PRODUCT = YES;
			};
			name = Release;
		};
		39BDD226283960DF00347AD0 /* Debug */ = {
			isa = XCBuildConfiguration;
			baseConfigurationReference = C1258DCFB13BF22F1D5114F6 /* Pods-Fotizo.debug.xcconfig */;
			buildSettings = {
				ASSETCATALOG_COMPILER_APPICON_NAME = AppIcon;
				ASSETCATALOG_COMPILER_GLOBAL_ACCENT_COLOR_NAME = AccentColor;
				CODE_SIGN_STYLE = Automatic;
				CURRENT_PROJECT_VERSION = 1;
				DEVELOPMENT_TEAM = 2499Y3EK3Q;
				GENERATE_INFOPLIST_FILE = YES;
				INFOPLIST_FILE = Fotizo/Info.plist;
				INFOPLIST_KEY_UIApplicationSupportsIndirectInputEvents = YES;
				INFOPLIST_KEY_UILaunchStoryboardName = LaunchScreen;
				INFOPLIST_KEY_UIMainStoryboardFile = Main;
				INFOPLIST_KEY_UISupportedInterfaceOrientations_iPad = "UIInterfaceOrientationPortrait UIInterfaceOrientationPortraitUpsideDown UIInterfaceOrientationLandscapeLeft UIInterfaceOrientationLandscapeRight";
				INFOPLIST_KEY_UISupportedInterfaceOrientations_iPhone = "UIInterfaceOrientationPortrait UIInterfaceOrientationLandscapeLeft UIInterfaceOrientationLandscapeRight";
				LD_RUNPATH_SEARCH_PATHS = (
					"$(inherited)",
					"@executable_path/Frameworks",
				);
				MARKETING_VERSION = 1.0;
				PRODUCT_BUNDLE_IDENTIFIER = naomi.fotizo.world.Fotizo;
				PRODUCT_NAME = "$(TARGET_NAME)";
				SWIFT_EMIT_LOC_STRINGS = YES;
				SWIFT_VERSION = 5.0;
				TARGETED_DEVICE_FAMILY = "1,2";
			};
			name = Debug;
		};
		39BDD227283960DF00347AD0 /* Release */ = {
			isa = XCBuildConfiguration;
			baseConfigurationReference = 2561CEC24C1387D39BB8500D /* Pods-Fotizo.release.xcconfig */;
			buildSettings = {
				ASSETCATALOG_COMPILER_APPICON_NAME = AppIcon;
				ASSETCATALOG_COMPILER_GLOBAL_ACCENT_COLOR_NAME = AccentColor;
				CODE_SIGN_STYLE = Automatic;
				CURRENT_PROJECT_VERSION = 1;
				DEVELOPMENT_TEAM = 2499Y3EK3Q;
				GENERATE_INFOPLIST_FILE = YES;
				INFOPLIST_FILE = Fotizo/Info.plist;
				INFOPLIST_KEY_UIApplicationSupportsIndirectInputEvents = YES;
				INFOPLIST_KEY_UILaunchStoryboardName = LaunchScreen;
				INFOPLIST_KEY_UIMainStoryboardFile = Main;
				INFOPLIST_KEY_UISupportedInterfaceOrientations_iPad = "UIInterfaceOrientationPortrait UIInterfaceOrientationPortraitUpsideDown UIInterfaceOrientationLandscapeLeft UIInterfaceOrientationLandscapeRight";
				INFOPLIST_KEY_UISupportedInterfaceOrientations_iPhone = "UIInterfaceOrientationPortrait UIInterfaceOrientationLandscapeLeft UIInterfaceOrientationLandscapeRight";
				LD_RUNPATH_SEARCH_PATHS = (
					"$(inherited)",
					"@executable_path/Frameworks",
				);
				MARKETING_VERSION = 1.0;
				PRODUCT_BUNDLE_IDENTIFIER = naomi.fotizo.world.Fotizo;
				PRODUCT_NAME = "$(TARGET_NAME)";
				SWIFT_EMIT_LOC_STRINGS = YES;
				SWIFT_VERSION = 5.0;
				TARGETED_DEVICE_FAMILY = "1,2";
			};
			name = Release;
		};
/* End XCBuildConfiguration section */

/* Begin XCConfigurationList section */
		39BDD20C283960DD00347AD0 /* Build configuration list for PBXProject "Fotizo" */ = {
			isa = XCConfigurationList;
			buildConfigurations = (
				39BDD223283960DF00347AD0 /* Debug */,
				39BDD224283960DF00347AD0 /* Release */,
			);
			defaultConfigurationIsVisible = 0;
			defaultConfigurationName = Release;
		};
		39BDD225283960DF00347AD0 /* Build configuration list for PBXNativeTarget "Fotizo" */ = {
			isa = XCConfigurationList;
			buildConfigurations = (
				39BDD226283960DF00347AD0 /* Debug */,
				39BDD227283960DF00347AD0 /* Release */,
			);
			defaultConfigurationIsVisible = 0;
			defaultConfigurationName = Release;
		};
/* End XCConfigurationList section */
	};
	rootObject = 39BDD209283960DD00347AD0 /* Project object */;
}
